
Microsoft Visual Studio Solution File, Format Version 12.00
# Visual Studio Version 16
VisualStudioVersion = 16.0.29025.244
MinimumVisualStudioVersion = 10.0.40219.1
Project("{9A19103F-16F7-4668-BE54-9A1E7A4F7556}") = "Ex_Navita_1", "Ex_Navita_1\Ex_Navita_1.csproj", "{256497BC-93DC-4A08-AB8A-9628A5DD670E}"
EndProject
Project("{9A19103F-16F7-4668-BE54-9A1E7A4F7556}") = "Ex_Navita_2", "Ex_Navita_2\Ex_Navita_2.csproj", "{1A8F0D96-EDF3-4678-AF0B-F97AFBB9E6A4}"
EndProject
Project("{FAE04EC0-301F-11D3-BF4B-00C04F79EFBC}") = "Ex_Navita_DB", "Ex_Navita_DB\Ex_Navita_DB.csproj", "{B652F412-36E2-4E81-B880-FA00A2A1ED31}"
EndProject
Global
	GlobalSection(SolutionConfigurationPlatforms) = preSolution
		Debug|Any CPU = Debug|Any CPU
		Release|Any CPU = Release|Any CPU
	EndGlobalSection
	GlobalSection(ProjectConfigurationPlatforms) = postSolution
		{256497BC-93DC-4A08-AB8A-9628A5DD670E}.Debug|Any CPU.ActiveCfg = Debug|Any CPU
		{256497BC-93DC-4A08-AB8A-9628A5DD670E}.Debug|Any CPU.Build.0 = Debug|Any CPU
		{256497BC-93DC-4A08-AB8A-9628A5DD670E}.Release|Any CPU.ActiveCfg = Release|Any CPU
		{256497BC-93DC-4A08-AB8A-9628A5DD670E}.Release|Any CPU.Build.0 = Release|Any CPU
		{1A8F0D96-EDF3-4678-AF0B-F97AFBB9E6A4}.Debug|Any CPU.ActiveCfg = Debug|Any CPU
		{1A8F0D96-EDF3-4678-AF0B-F97AFBB9E6A4}.Debug|Any CPU.Build.0 = Debug|Any CPU
		{1A8F0D96-EDF3-4678-AF0B-F97AFBB9E6A4}.Release|Any CPU.ActiveCfg = Release|Any CPU
		{1A8F0D96-EDF3-4678-AF0B-F97AFBB9E6A4}.Release|Any CPU.Build.0 = Release|Any CPU
		{B652F412-36E2-4E81-B880-FA00A2A1ED31}.Debug|Any CPU.ActiveCfg = Debug|Any CPU
		{B652F412-36E2-4E81-B880-FA00A2A1ED31}.Debug|Any CPU.Build.0 = Debug|Any CPU
		{B652F412-36E2-4E81-B880-FA00A2A1ED31}.Release|Any CPU.ActiveCfg = Release|Any CPU
		{B652F412-36E2-4E81-B880-FA00A2A1ED31}.Release|Any CPU.Build.0 = Release|Any CPU
	EndGlobalSection
	GlobalSection(SolutionProperties) = preSolution
		HideSolutionNode = FALSE
	EndGlobalSection
	GlobalSection(ExtensibilityGlobals) = postSolution
		SolutionGuid = {1C348EDF-707E-4D7B-8C39-ED98B9746179}
	EndGlobalSection
EndGlobal
